
Microsoft Visual Studio Solution File, Format Version 12.00
# Visual Studio Version 16
VisualStudioVersion = 16.0.30611.23
MinimumVisualStudioVersion = 10.0.40219.1
Project("{9A19103F-16F7-4668-BE54-9A1E7A4F7556}") = "BusinessLogic", "BusinessLogic\BusinessLogic.csproj", "{95908E7A-8B2C-4B36-A47E-599565C32D6D}"
EndProject
Project("{9A19103F-16F7-4668-BE54-9A1E7A4F7556}") = "WebClient", "WebClient\WebClient.csproj", "{0D90C265-C4C4-4EFC-BD5D-1CD7ADA709D9}"
EndProject
Project("{9A19103F-16F7-4668-BE54-9A1E7A4F7556}") = "DatabaseImplement", "DatabaseImplement\DatabaseImplement.csproj", "{A051F7E1-B23D-4E23-B4D9-C93695FA5F50}"
EndProject
Global
	GlobalSection(SolutionConfigurationPlatforms) = preSolution
		Debug|Any CPU = Debug|Any CPU
		Release|Any CPU = Release|Any CPU
	EndGlobalSection
	GlobalSection(ProjectConfigurationPlatforms) = postSolution
		{95908E7A-8B2C-4B36-A47E-599565C32D6D}.Debug|Any CPU.ActiveCfg = Debug|Any CPU
		{95908E7A-8B2C-4B36-A47E-599565C32D6D}.Debug|Any CPU.Build.0 = Debug|Any CPU
		{95908E7A-8B2C-4B36-A47E-599565C32D6D}.Release|Any CPU.ActiveCfg = Release|Any CPU
		{95908E7A-8B2C-4B36-A47E-599565C32D6D}.Release|Any CPU.Build.0 = Release|Any CPU
		{0D90C265-C4C4-4EFC-BD5D-1CD7ADA709D9}.Debug|Any CPU.ActiveCfg = Debug|Any CPU
		{0D90C265-C4C4-4EFC-BD5D-1CD7ADA709D9}.Debug|Any CPU.Build.0 = Debug|Any CPU
		{0D90C265-C4C4-4EFC-BD5D-1CD7ADA709D9}.Release|Any CPU.ActiveCfg = Release|Any CPU
		{0D90C265-C4C4-4EFC-BD5D-1CD7ADA709D9}.Release|Any CPU.Build.0 = Release|Any CPU
		{A051F7E1-B23D-4E23-B4D9-C93695FA5F50}.Debug|Any CPU.ActiveCfg = Debug|Any CPU
		{A051F7E1-B23D-4E23-B4D9-C93695FA5F50}.Debug|Any CPU.Build.0 = Debug|Any CPU
		{A051F7E1-B23D-4E23-B4D9-C93695FA5F50}.Release|Any CPU.ActiveCfg = Release|Any CPU
		{A051F7E1-B23D-4E23-B4D9-C93695FA5F50}.Release|Any CPU.Build.0 = Release|Any CPU
	EndGlobalSection
	GlobalSection(SolutionProperties) = preSolution
		HideSolutionNode = FALSE
	EndGlobalSection
	GlobalSection(ExtensibilityGlobals) = postSolution
		SolutionGuid = {F2FBEDD3-F3D8-45A6-BF64-94E7CC7BA685}
	EndGlobalSection
EndGlobal
